---
lockfileVersion: '9.0'

importers:

  .:
    configDependencies: {}
    packageManagerDependencies:
      pnpm:
        specifier: 12.5.1
        version: 12.5.1

packages:

  '@pnpm/exe.android-arm64@12.5.1':
    resolution: {integrity: sha512-6LGBmQuDzUmgpHSuy+haG0jrmkwFNa4EuShDZqK3cIBv4Wfb75CzjJmowkzr+iJg40vnBKMQ62t4Ko6mwsId7A==}
    cpu: [arm64]
    os: [android]

  '@pnpm/exe.android-x64@12.5.1':
    resolution: {integrity: sha512-091oCltP3Rx89yxL1Wh5rXkUXEyFzyxIzSHKRFDyDFlQkb8Ox8FaDcm+M8PNkMyqnLA+qeGOLzY7Rjj9izl1Ww==}
    cpu: [x64]
    os: [android]

  '@pnpm/exe.darwin-arm64@12.5.1':
    resolution: {integrity: sha512-r1vEMQPVjRexZMyL2HonxJoo3+nuB/+G+tg+f2PK6faRdXX1TDwevKXOxJAfqlPInTy6W/pm912+s+m0NcR4BQ==}
    cpu: [arm64]
    os: [darwin]

  '@pnpm/exe.darwin-x64@12.5.1':
    resolution: {integrity: sha512-YHwI1g2B+Y2cAEylOR31r781GWijdJL7Gy7TEn/ZpZ5v/Cuwp5/Pz0EFCgo0M2MKLafAbL/laUMGvOpAdnerAw==}
    cpu: [x64]
    os: [darwin]

  '@pnpm/exe.freebsd-x64@12.5.1':
    resolution: {integrity: sha512-sFUMHiYFs6q5syFwgaVppzhQSmqnXoJIz/YwTXIOXTDE76ndIpTRpDGAnBCBKjsaEBnqjJA/2l6hpJcNDNoMiA==}
    cpu: [x64]
    os: [freebsd]

  '@pnpm/exe.linux-arm64-musl@12.5.1':
    resolution: {integrity: sha512-zupuxYZBuBEGjUz805/4/Asq01UNziFADANt8yp+LdUjU9bbMa3xY78Bx1PsGDqBy7aiad4sdUMK8ZxH4n4gmQ==}
    cpu: [arm64]
    os: [linux]
    libc: [musl]

  '@pnpm/exe.linux-arm64@12.5.1':
    resolution: {integrity: sha512-6hbMWW2/eQo1b5wvQPe/ndLHVTH88Rav6N+ffD4/h6IuFMjWCgasFYYsFv0GrvpqREAx3SwmZSvli+0NFXqbxA==}
    cpu: [arm64]
    os: [linux]
    libc: [glibc]

  '@pnpm/exe.linux-ppc64@12.5.1':
    resolution: {integrity: sha512-Gg3maDzaE/ZFMV9HIx/BwMN0Y6QbEs13URfxmiYHtKjjLAs5wEQZRMUP87YNLYO7cNaEfbM8GRbS9vPosyD9Gw==}
    cpu: [ppc64]
    os: [linux]
    libc: [glibc]

  '@pnpm/exe.linux-riscv64@12.5.1':
    resolution: {integrity: sha512-6fgWxXYMBMsWQ8DAiRevscX4QZQjwh+FsyCj8ZOk8pMXvqeq84MqBLCmS6KckvnbdqJ+HlSVQ7fs/kd0ldwfhA==}
    cpu: [riscv64]
    os: [linux]
    libc: [glibc]

  '@pnpm/exe.linux-s390x@12.5.1':
    resolution: {integrity: sha512-nzMZruRvxDhEfYUhzu+7EmM39+82Dgagc/6hPFPqGqzXNGcIG0anuxbUxfeNtI64SHt91KuuYUmCB/inlM+Pag==}
    cpu: [s390x]
    os: [linux]
    libc: [glibc]

  '@pnpm/exe.linux-x64-musl@12.5.1':
    resolution: {integrity: sha512-kHCbegdTNHpzmPtUD4S5fqkVkqgdQR47spF9p2VPP3dIIkZl6Ytk8w0vhlAsAGgge8FmucfwX+vvPKgm0NtOCQ==}
    cpu: [x64]
    os: [linux]
    libc: [musl]

  '@pnpm/exe.linux-x64@12.5.1':
    resolution: {integrity: sha512-3PkUBYo5z4dgtlnTNIFj7QGpcDUAuqXz9WGVigPDCeccEnhGiRkWmA5102TmYJHtwJP3LfmE+ZF9PGeWhn8p9Q==}
    cpu: [x64]
    os: [linux]
    libc: [glibc]

  '@pnpm/exe.win32-arm64@12.5.1':
    resolution: {integrity: sha512-49NvjZIXHly56/PLoEDD7VphbO4N8dwMXoApElDFCpVGDNGeKlwlib1tXtnpTF6i2/XIsAj7GgatHB5KHXgBnA==}
    cpu: [arm64]
    os: [win32]

  '@pnpm/exe.win32-x64@12.5.1':
    resolution: {integrity: sha512-ePUmQFPAPJFNMwg1lelDx2PdjHqYRiF0yfg5e6qeDbPNOu97QNo557Ru/SxmCrmt8ydQWNuZXWpdEp019md5vw==}
    cpu: [x64]
    os: [win32]

  pnpm@12.5.1:
    resolution: {integrity: sha512-4/MFvHhKK8ifWtO2E4iJRw+ujSr182thIW7JHCw9ZAiXdfneOKrDMQROpA8kXLDVZmOS399lgk4ZB+9qLGLeXw==}
    engines: {node: '>=18.*'}
    hasBin: true

snapshots:

  '@pnpm/exe.android-arm64@12.5.1':
    optional: true

  '@pnpm/exe.android-x64@12.5.1':
    optional: true

  '@pnpm/exe.darwin-arm64@12.5.1':
    optional: true

  '@pnpm/exe.darwin-x64@12.5.1':
    optional: true

  '@pnpm/exe.freebsd-x64@12.5.1':
    optional: true

  '@pnpm/exe.linux-arm64-musl@12.5.1':
    optional: true

  '@pnpm/exe.linux-arm64@12.5.1':
    optional: true

  '@pnpm/exe.linux-ppc64@12.5.1':
    optional: true

  '@pnpm/exe.linux-riscv64@12.5.1':
    optional: true

  '@pnpm/exe.linux-s390x@12.5.1':
    optional: true

  '@pnpm/exe.linux-x64-musl@12.5.1':
    optional: true

  '@pnpm/exe.linux-x64@12.5.1':
    optional: true

  '@pnpm/exe.win32-arm64@12.5.1':
    optional: true

  '@pnpm/exe.win32-x64@12.5.1':
    optional: true

  pnpm@12.5.1:
    optionalDependencies:
      '@pnpm/exe.android-arm64': 12.5.1
      '@pnpm/exe.android-x64': 12.5.1
      '@pnpm/exe.darwin-arm64': 12.5.1
      '@pnpm/exe.darwin-x64': 12.5.1
      '@pnpm/exe.freebsd-x64': 12.5.1
      '@pnpm/exe.linux-arm64': 12.5.1
      '@pnpm/exe.linux-arm64-musl': 12.5.1
      '@pnpm/exe.linux-ppc64': 12.5.1
      '@pnpm/exe.linux-riscv64': 12.5.1
      '@pnpm/exe.linux-s390x': 12.5.1
      '@pnpm/exe.linux-x64': 12.5.1
      '@pnpm/exe.linux-x64-musl': 12.5.1
      '@pnpm/exe.win32-arm64': 12.5.1
      '@pnpm/exe.win32-x64': 12.5.1

---
lockfileVersion: '9.0'

settings:
  autoInstallPeers: true
  excludeLinksFromLockfile: false

overrides:
  '@tiptap/core': 3.21.0
  '@tiptap/extension-blockquote': 3.21.0
  '@tiptap/extension-bold': 3.21.0
  '@tiptap/extension-bubble-menu': 3.21.0
  '@tiptap/extension-bullet-list': 3.21.0
  '@tiptap/extension-code': 3.21.0
  '@tiptap/extension-code-block': 3.21.0
  '@tiptap/extension-document': 3.21.0
  '@tiptap/extension-dropcursor': 3.21.0
  '@tiptap/extension-floating-menu': 3.21.0
  '@tiptap/extension-gapcursor': 3.21.0
  '@tiptap/extension-hard-break': 3.21.0
  '@tiptap/extension-heading': 3.21.0
  '@tiptap/extension-horizontal-rule': 3.21.0
  '@tiptap/extension-image': 3.21.0
  '@tiptap/extension-italic': 3.21.0
  '@tiptap/extension-link': 3.21.0
  '@tiptap/extension-list': 3.21.0
  '@tiptap/extension-list-item': 3.21.0
  '@tiptap/extension-list-keymap': 3.21.0
  '@tiptap/extension-ordered-list': 3.21.0
  '@tiptap/extension-paragraph': 3.21.0
  '@tiptap/extension-placeholder': 3.21.0
  '@tiptap/extension-strike': 3.21.0
  '@tiptap/extension-table': 3.21.0
  '@tiptap/extension-table-cell': 3.21.0
  '@tiptap/extension-table-header': 3.21.0
  '@tiptap/extension-table-row': 3.21.0
  '@tiptap/extension-text': 3.21.0
  '@tiptap/extension-underline': 3.21.0
  '@tiptap/extensions': 3.21.0
  '@tiptap/markdown': 3.21.0
  '@tiptap/pm': 3.21.0
  '@tiptap/react': 3.21.0
  '@tiptap/starter-kit': 3.21.0
  '@tiptap/suggestion': 3.21.0
  linkifyjs: 4.3.2
  marked: 17.0.5
  orderedmap: 2.1.1
  prosemirror-changeset: 2.4.0
  prosemirror-collab: 1.3.1
  prosemirror-commands: 1.7.1
  prosemirror-dropcursor: 1.8.2
  prosemirror-gapcursor: 1.4.1
  prosemirror-history: 1.5.0
  prosemirror-inputrules: 1.5.1
  prosemirror-keymap: 1.2.3
  prosemirror-markdown: 1.13.4
  prosemirror-menu: 1.3.0
  prosemirror-model: 1.25.4
  prosemirror-schema-basic: 1.2.4
  prosemirror-schema-list: 1.5.1
  prosemirror-state: 1.4.4
  prosemirror-tables: 1.8.5
  prosemirror-trailing-node: 3.0.0
  prosemirror-transform: 1.12.0
  prosemirror-view: 1.41.7
  rope-sequence: 1.3.4
  w3c-keyname: 2.2.8

importers:

  .:
    dependencies:
      '@tiptap/core':
        specifier: 3.21.0
        version: 3.21.0(@tiptap/pm@3.21.0)
      '@tiptap/extension-image':
        specifier: 3.21.0
        version: 3.21.0(@tiptap/core@3.21.0(@tiptap/pm@3.21.0))
      '@tiptap/extension-link':
        specifier: 3.21.0
        version: 3.21.0(@tiptap/core@3.21.0(@tiptap/pm@3.21.0))(@tiptap/pm@3.21.0)
      '@tiptap/extension-table':
        specifier: 3.21.0
        version: 3.21.0(@tiptap/core@3.21.0(@tiptap/pm@3.21.0))(@tiptap/pm@3.21.0)
      '@tiptap/extension-table-cell':
        specifier: 3.21.0
        version: 3.21.0(@tiptap/extension-table@3.21.0(@tiptap/core@3.21.0(@tiptap/pm@3.21.0))(@tiptap/pm@3.21.0))
      '@tiptap/extension-table-header':
        specifier: 3.21.0
        version: 3.21.0(@tiptap/extension-table@3.21.0(@tiptap/core@3.21.0(@tiptap/pm@3.21.0))(@tiptap/pm@3.21.0))
      '@tiptap/extension-table-row':
        specifier: 3.21.0
        version: 3.21.0(@tiptap/extension-table@3.21.0(@tiptap/core@3.21.0(@tiptap/pm@3.21.0))(@tiptap/pm@3.21.0))
      '@tiptap/extension-underline':
        specifier: 3.21.0
        version: 3.21.0(@tiptap/core@3.21.0(@tiptap/pm@3.21.0))
      '@tiptap/markdown':
        specifier: 3.21.0
        version: 3.21.0(@tiptap/core@3.21.0(@tiptap/pm@3.21.0))(@tiptap/pm@3.21.0)
      '@tiptap/pm':
        specifier: 3.21.0
        version: 3.21.0
      '@tiptap/starter-kit':
        specifier: 3.21.0
        version: 3.21.0
      happy-dom:
        specifier: 20.14.5
        version: 20.14.5
      marked:
        specifier: 17.0.5
        version: 17.0.5
      yaml:
        specifier: 2.8.3
        version: 2.8.3

packages:

  '@remirror/core-constants@3.0.0':
    resolution: {integrity: sha512-42aWfPrimMfDKDi4YegyS7x+/0tlzaqwPQCULLanv3DMIlu96KTJR0fM5isWX2UViOqlGnX6YFgqWepcX+XMNg==}

  '@tiptap/core@3.21.0':
    resolution: {integrity: sha512-IfnQiuEeabDSPr1C/zHFTbnvlTf5z0DE/d/xz4C6bkL4ZBDJ3rr99h2qsaV0l8F+kbNswZMlQdM8rxNlMy95fQ==}
    peerDependencies:
      '@tiptap/pm': 3.21.0

  '@tiptap/extension-blockquote@3.21.0':
    resolution: {integrity: sha512-JDM/RR6rM0dMCZ1UnEf7eqmN6pAdIa2llhN+E24HdTGNJCklMFhLAGE/OT8/1r7M0WWA9GVO7/PTe4EdGh6+lQ==}
    peerDependencies:
      '@tiptap/core': 3.21.0

  '@tiptap/extension-bold@3.21.0':
    resolution: {integrity: sha512-iyEJRzG7XTCPlHwEDzUw3HnuYYCfL7lNpcCHmxcpYMrIUA8rv7EUxerIwApT6xY8hQ/07ljuJKgOyPvnJOOzuA==}
    peerDependencies:
      '@tiptap/core': 3.21.0

  '@tiptap/extension-bullet-list@3.21.0':
    resolution: {integrity: sha512-PWNF+xwxgOeXYGD88sCQLKL0eBoQqjUnZNALxBjN3Y7x4llalh42rHOp2Nt2t6UbQgqTBtBzU/uFcussTpxreQ==}
    peerDependencies:
      '@tiptap/extension-list': 3.21.0

  '@tiptap/extension-code-block@3.21.0':
    resolution: {integrity: sha512-zrVOcOzDCjHQ8NJcC+qHmZZKiwnP/NMSb3qVJlSMN8TzuHept1MZCDa2Mbo70O6I0txo456SGuXB9sqV1vHmGg==}
    peerDependencies:
      '@tiptap/core': 3.21.0
      '@tiptap/pm': 3.21.0

  '@tiptap/extension-code@3.21.0':
    resolution: {integrity: sha512-D7wA9jp+4X2r1f3FIoga73s6Rn4rmZY57Jes6a4rK3HY+3yHk1r057pPIZSY8Drfs97jxHQVFdfUYUomLSFYBA==}
    peerDependencies:
      '@tiptap/core': 3.21.0

  '@tiptap/extension-document@3.21.0':
    resolution: {integrity: sha512-7oCyzXI9ChvJQUlr23AURdfVar4OIsrYUvqdhEwo3bjcI/Q/j0KJiXfuh6ZzL5eVaINSailH53sZaGg4THQtUg==}
    peerDependencies:
      '@tiptap/core': 3.21.0

  '@tiptap/extension-dropcursor@3.21.0':
    resolution: {integrity: sha512-6fsDSVAM2iz7eElvT6iivMrGBGjIP/oPigVZ/SPm6f31phaYhz6TIOEgV/Lr2jaPIOgyK4U0cU4Yd4KUBCmhzQ==}
    peerDependencies:
      '@tiptap/extensions': 3.21.0

  '@tiptap/extension-gapcursor@3.21.0':
    resolution: {integrity: sha512-wGjgAoYBTvPAe9QYMI5px355XcNeMkaUrMY9IHbMqgqdmHcDxqooxM4H6sYVX2CRcHwXy4I8NQAoOhSYrQJDMg==}
    peerDependencies:
      '@tiptap/extensions': 3.21.0

  '@tiptap/extension-hard-break@3.21.0':
    resolution: {integrity: sha512-6JFVSAOQ1qhQHi9mVcdn2/XO8YIMgYV8zjarzNUzP6Sf2waeE5BLXjlg6rIH/945sY1J+FndTojLru6gQ07a5A==}
    peerDependencies:
      '@tiptap/core': 3.21.0

  '@tiptap/extension-heading@3.21.0':
    resolution: {integrity: sha512-ji6VJmoRnDzAHYflEYEZohMHRi77UGLW1o3ua7UhI32iJ9nuYssbPNuzEeE4SvENMQwZRszad5+a+dKAa+NC7g==}
    peerDependencies:
      '@tiptap/core': 3.21.0

  '@tiptap/extension-horizontal-rule@3.21.0':
    resolution: {integrity: sha512-vNBnOfFEY62CoJPGo4nonRM7RiOvhII1vhoO+WFr1GxDqCAfmEFjToflt7JT1UJdo6lMVcD+aaaAgOiuSz5p6g==}
    peerDependencies:
      '@tiptap/core': 3.21.0
      '@tiptap/pm': 3.21.0

  '@tiptap/extension-image@3.21.0':
    resolution: {integrity: sha512-W9786a2K4LSZJMPeRLmoDulJeXOsM0ueRV2MHjTol7ikPRauROB7GUbAz9DyPAJHA2AGUfpswnGAYPO3tz5CLg==}
    peerDependencies:
      '@tiptap/core': 3.21.0

  '@tiptap/extension-italic@3.21.0':
    resolution: {integrity: sha512-2I8oPvwyXhRn1k8lbDFIutzvhtLEjoO5mmQCNX4TnT4PdxxaSrK9+ihYg12VeqhUeO7dg1MKiFqws0HVBrwzWg==}
    peerDependencies:
      '@tiptap/core': 3.21.0

  '@tiptap/extension-link@3.21.0':
    resolution: {integrity: sha512-oMU7Yve1sbgBsaFAUc2R0GPf4d3ZPVJeMUFC6b6X9rJIvx/IhEUEn9toQcSBGfp02uWK9NdQyIFYFdWlVXH++w==}
    peerDependencies:
      '@tiptap/core': 3.21.0
      '@tiptap/pm': 3.21.0

  '@tiptap/extension-list-item@3.21.0':
    resolution: {integrity: sha512-1ZymZmlQVbAoC4q5x3cro0v5+3I6l+BHqbhIMQLjQFlAOJfcE0pvqRzAFW7PduxUj41tXEtsYqp2NREvO9F5Fg==}
    peerDependencies:
      '@tiptap/extension-list': 3.21.0

  '@tiptap/extension-list-keymap@3.21.0':
    resolution: {integrity: sha512-EzrfW3ASNFPWKhR8sNOq7Kqw4hvaTAOn4dlI7chB8HIANSrlyPOUn+eKAnO6HQgsUgsbjg2GbTUrGrxcoLykUg==}
    peerDependencies:
      '@tiptap/extension-list': 3.21.0

  '@tiptap/extension-list@3.21.0':
    resolution: {integrity: sha512-KeBlEtLrGce2d3dgL89hmwWEtREuzlW4XY5bYWpKNvCbFqvdSb3n7vkdkw32YclZmMWxAcABgW6ucCStkE0rsQ==}
    peerDependencies:
      '@tiptap/core': 3.21.0
      '@tiptap/pm': 3.21.0

  '@tiptap/extension-ordered-list@3.21.0':
    resolution: {integrity: sha512-+d+0orokMfqaBfvr9tUBgGvo2ZCV+fR3JzsJTmnLBWOkhBSJN7H4pnfXPTue0qwspUwRmkLJxdIlU+J7HkMrng==}
    peerDependencies:
      '@tiptap/extension-list': 3.21.0

  '@tiptap/extension-paragraph@3.21.0':
    resolution: {integrity: sha512-cMPG/jCoZ9NmLZ5ctFziILaxJGfDtMTb5OLBhifMFZeMVwF1pEJIygDEfnX/HSruv507weZSQG4pERO2tRszMg==}
    peerDependencies:
      '@tiptap/core': 3.21.0

  '@tiptap/extension-strike@3.21.0':
    resolution: {integrity: sha512-easnVaN11Wl+5fOtfvzJ10J762S9TRXZaMj5rLBGavgf82DCYHqhGhBqpLQrJ41r4nPABGlYvTRoxfvBLB74Lg==}
    peerDependencies:
      '@tiptap/core': 3.21.0

  '@tiptap/extension-table-cell@3.21.0':
    resolution: {integrity: sha512-jQc4ruEbLgUMM3PahNZENFEiqg3LPBmrrvm/yhwY3KUaGAGfLVuduCogsbXIwu5OKNdMafH5HJz7CbdYqrOUlA==}
    peerDependencies:
      '@tiptap/extension-table': 3.21.0

  '@tiptap/extension-table-header@3.21.0':
    resolution: {integrity: sha512-3IgtyFwBi+um1+HgywHAxLpZjJFoueDM4r2FKroSrvhAl+v1Z6d4BYp8dzRRimlee6QFx0hCE+VXpFvd83aiZw==}
    peerDependencies:
      '@tiptap/extension-table': 3.21.0

  '@tiptap/extension-table-row@3.21.0':
    resolution: {integrity: sha512-A1uL9O5atz2ZBtLpikSXBwiULjg3FJBVBIwtpyHkUdA9V13yS/NnFqt2jrKgT1g3EGwGjkqgY7uK9OF8e2XJhg==}
    peerDependencies:
      '@tiptap/extension-table': 3.21.0

  '@tiptap/extension-table@3.21.0':
    resolution: {integrity: sha512-/iPVM/5TtRy7wGrLW/uL+qjMHsor26P/nH2nHasgPr/EIwliLGhHp9Gwjhix3OTyM2UK+VNcuhH6X50UbcByTQ==}
    peerDependencies:
      '@tiptap/core': 3.21.0
      '@tiptap/pm': 3.21.0

  '@tiptap/extension-text@3.21.0':
    resolution: {integrity: sha512-Zx8QdB8a5iBuE4uO21c3BjmpBfaJEr2Jd1QFnsdgx11fm6P7dGgZaGko1FaINhfOPRGTN6O/kiF02cDMdOHa/w==}
    peerDependencies:
      '@tiptap/core': 3.21.0

  '@tiptap/extension-underline@3.21.0':
    resolution: {integrity: sha512-gGmBEymbWnr8AIS8bI/bPw5rcwo7wAFcBw/TsLd1nAanu1dDqSRNDBrit3m02Ru+D88u2SfNvmbOPI1pz+1f5w==}
    peerDependencies:
      '@tiptap/core': 3.21.0

  '@tiptap/extensions@3.21.0':
    resolution: {integrity: sha512-MN1uh5PmHT1F2BNsbc21MIS0AMFFA73oODlp/4ckpBR4o5AxRwV+8f43Cd52UL4MgMkKj/A+QfZ7iK9IDb0h5A==}
    peerDependencies:
      '@tiptap/core': 3.21.0
      '@tiptap/pm': 3.21.0

  '@tiptap/markdown@3.21.0':
    resolution: {integrity: sha512-VhnHhB9LeEfB2xnbNZUV2itK0ae4iERbr+a4/ZrlZB9auPtggW4fIob/bQGOaeU+GZtk1xDLyKUDyKEEwgTXMw==}
    peerDependencies:
      '@tiptap/core': 3.21.0
      '@tiptap/pm': 3.21.0

  '@tiptap/pm@3.21.0':
    resolution: {integrity: sha512-I3sNo7oMMsR6FFz1ecvPb9uCF0VQuS2WV67j8Io2M7DJicRWCE/GM5DaiYjTeWBbnByk6BuG0txoJATAqPVliQ==}

  '@tiptap/starter-kit@3.21.0':
    resolution: {integrity: sha512-w7fWxglDtqXFBgRYH+LforJyUboSAQllnWQbGVSTyX4rsICqZjkb3f6CTSUWpGoGKmlmbb2ZpEuoik7tur9d8Q==}

  '@types/linkify-it@5.0.0':
    resolution: {integrity: sha512-sVDA58zAw4eWAffKOaQH5/5j3XeayukzDk+ewSsnv3p4yJEZHCCzMDiZM8e0OUrRvmpGZ85jf4yDHkHsgBNr9Q==}

  '@types/markdown-it@14.2.0':
    resolution: {integrity: sha512-NoQ2yGlLWj4wpxMs+TYmRKk3thDrQ97agr7sFqfLsAlvoS8SNQuTrlObhFqG9iugdTtgOE9jpJ6FNM4ZGsa5xQ==}

  '@types/mdurl@2.0.0':
    resolution: {integrity: sha512-RGdgjQUZba5p6QEFAVx2OGb8rQDL/cPRG7GiedRzMcJ1tYnUANBncjbSB1NRGwbvjcPeikRABz2nshyPk1bhWg==}

  '@types/node@26.6.2':
    resolution: {integrity: sha512-X1P21scMv4zGKLYqjdGjaKa7COa0RKVYYZZN/NfvLQ1JegxFhdhpZG/Lyn8AXx6CDUavKAd11v6BvfpkDByK8g==}

  '@types/whatwg-mimetype@3.0.2':
    resolution: {integrity: sha512-c2AKvDT8ToxLIOUlN51gTiHXflsfIFisS4pO7pDPoKouJCESkhZnEy623gwP9laCy5lnLDAw1vAzu2vM2YLOrA==}

  '@types/ws@8.18.1':
    resolution: {integrity: sha512-ThVF6DCVhA8kUGy+aazFQ4kXQ7E1Ty7A3ypFOe0IcJV8O/M511G99AW24irKrW56Wt44yG9+ij8FaqoBGkuBXg==}

  argparse@2.0.1:
    resolution: {integrity: sha512-8+9WqebbFzpX9OR+Wa6O29asIogeRMzcGtAINdpMHHyAg10f05aSFVBbcEqGf/PXw1EjAZ+q2/bEBg3DvurK3Q==}

  buffer-image-size@0.6.4:
    resolution: {integrity: sha512-nEh+kZOPY1w+gcCMobZ6ETUp9WfibndnosbpwB1iJk/8Gt5ZF2bhS6+B6bPYz424KtwsR6Rflc3tCz1/ghX2dQ==}
    engines: {node: '>=4.0'}

  crelt@1.0.7:
    resolution: {integrity: sha512-aK6BbWfhf4U/wCcLHKPJl/xa6VkVstRaPywWtMKGwuOLc/wZTyQYuoxgvZnNsBvv7Kg3YTBQYYBCggcviQczuA==}

  entities@4.5.0:
    resolution: {integrity: sha512-V0hjH4dGPh9Ao5p0MoRY6BVqtwCjhz6vI5LT8AJ55H+4g9/4vbHx1I54fS0XuclLhDHArPQCiMjDxjaL8fPxhw==}
    engines: {node: '>=0.12'}

  entities@7.0.1:
    resolution: {integrity: sha512-TWrgLOFUQTH994YUyl1yT4uyavY5nNB5muff+RtWaqNVCAK408b5ZnnbNAUEWLTCpum9w6arT70i1XdQ4UeOPA==}
    engines: {node: '>=0.12'}

  escape-string-regexp@4.0.0:
    resolution: {integrity: sha512-TtpcNJ3XAzx3Gq8sWRzJaVajRs0uVxA2YAkdb1jm2YkPz4G6egUFAyA3n5vtEIZefPk5Wa4UXbKuS5fKkJWdgA==}
    engines: {node: '>=10'}

  happy-dom@20.14.5:
    resolution: {integrity: sha512-x/RzkpWO40bTjIoT30iQtt64FLLmH/iRcUCN2X//bLx7H3ifkdfPXyqsro/OYtqzIAhiLMMA7mmiOR9C3NOKjQ==}
    engines: {node: '>=20.0.0'}

  linkify-it@5.0.2:
    resolution: {integrity: sha512-ONTm2jCMAVZjgQa/Fy1kScXsuOoF5NPTsoFBdE1KVIZ2vAh/r9+Bqo+0jINCBYnavTPQZz38QzFTme79ENoN3Q==}

  linkifyjs@4.3.2:
    resolution: {integrity: sha512-NT1CJtq3hHIreOianA8aSXn6Cw0JzYOuDQbOrSPe7gqFnCpKP++MQe3ODgO3oh2GJFORkAAdqredOa60z63GbA==}

  markdown-it@14.3.2:
    resolution: {integrity: sha512-sHHjZ5fJKlgrG4qns2YwVcdNep35h5fERrfkD2YNsb9UFk0UIHarbiTaHKVMlPuWAoiilyK8Fv/jAm11slsY7Q==}
    hasBin: true

  marked@17.0.5:
    resolution: {integrity: sha512-6hLvc0/JEbRjRgzI6wnT2P1XuM1/RrrDEX0kPt0N7jGm1133g6X7DlxFasUIx+72aKAr904GTxhSLDrd5DIlZg==}
    engines: {node: '>= 20'}
    hasBin: true

  mdurl@2.1.0:
    resolution: {integrity: sha512-1+HBaOx0zi/dQWht8rNv9MYf9qqpqL/kxI0hXImU6Y547zM6Sni8BQibt7ifgMcYtQg41ao3Ivd6cnSM86inpg==}

  orderedmap@2.1.1:
    resolution: {integrity: sha512-TvAWxi0nDe1j/rtMcWcIj94+Ffe6n7zhow33h40SKxmsmozs6dz/e+EajymfoFcHd7sxNn8yHM8839uixMOV6g==}

  prosemirror-changeset@2.4.0:
    resolution: {integrity: sha512-LvqH2v7Q2SF6yxatuPP2e8vSUKS/L+xAU7dPDC4RMyHMhZoGDfBC74mYuyYF4gLqOEG758wajtyhNnsTkuhvng==}

  prosemirror-collab@1.3.1:
    resolution: {integrity: sha512-4SnynYR9TTYaQVXd/ieUvsVV4PDMBzrq2xPUWutHivDuOshZXqQ5rGbZM84HEaXKbLdItse7weMGOUdDVcLKEQ==}

  prosemirror-commands@1.7.1:
    resolution: {integrity: sha512-rT7qZnQtx5c0/y/KlYaGvtG411S97UaL6gdp6RIZ23DLHanMYLyfGBV5DtSnZdthQql7W+lEVbpSfwtO8T+L2w==}

  prosemirror-dropcursor@1.8.2:
    resolution: {integrity: sha512-CCk6Gyx9+Tt2sbYk5NK0nB1ukHi2ryaRgadV/LvyNuO3ena1payM2z6Cg0vO1ebK8cxbzo41ku2DE5Axj1Zuiw==}

  prosemirror-gapcursor@1.4.1:
    resolution: {integrity: sha512-pMdYaEnjNMSwl11yjEGtgTmLkR08m/Vl+Jj443167p9eB3HVQKhYCc4gmHVDsLPODfZfjr/MmirsdyZziXbQKw==}

  prosemirror-history@1.5.0:
    resolution: {integrity: sha512-zlzTiH01eKA55UAf1MEjtssJeHnGxO0j4K4Dpx+gnmX9n+SHNlDqI2oO1Kv1iPN5B1dm5fsljCfqKF9nFL6HRg==}

  prosemirror-inputrules@1.5.1:
    resolution: {integrity: sha512-7wj4uMjKaXWAQ1CDgxNzNtR9AlsuwzHfdFH1ygEHA2KHF2DOEaXl1CJfNPAKCg9qNEh4rum975QLaCiQPyY6Fw==}

  prosemirror-keymap@1.2.3:
    resolution: {integrity: sha512-4HucRlpiLd1IPQQXNqeo81BGtkY8Ai5smHhKW9jjPKRc2wQIxksg7Hl1tTI2IfT2B/LgX6bfYvXxEpJl7aKYKw==}

  prosemirror-markdown@1.13.4:
    resolution: {integrity: sha512-D98dm4cQ3Hs6EmjK500TdAOew4Z03EV71ajEFiWra3Upr7diytJsjF4mPV2dW+eK5uNectiRj0xFxYI9NLXDbw==}

  prosemirror-menu@1.3.0:
    resolution: {integrity: sha512-TImyPXCHPcDsSka2/lwJ6WjTASr4re/qWq1yoTTuLOqfXucwF6VcRa2LWCkM/EyTD1UO3CUwiH8qURJoWJRxwg==}

  prosemirror-model@1.25.4:
    resolution: {integrity: sha512-PIM7E43PBxKce8OQeezAs9j4TP+5yDpZVbuurd1h5phUxEKIu+G2a+EUZzIC5nS1mJktDJWzbqS23n1tsAf5QA==}

  prosemirror-schema-basic@1.2.4:
    resolution: {integrity: sha512-ELxP4TlX3yr2v5rM7Sb70SqStq5NvI15c0j9j/gjsrO5vaw+fnnpovCLEGIcpeGfifkuqJwl4fon6b+KdrODYQ==}

  prosemirror-schema-list@1.5.1:
    resolution: {integrity: sha512-927lFx/uwyQaGwJxLWCZRkjXG0p48KpMj6ueoYiu4JX05GGuGcgzAy62dfiV8eFZftgyBUvLx76RsMe20fJl+Q==}

  prosemirror-state@1.4.4:
    resolution: {integrity: sha512-6jiYHH2CIGbCfnxdHbXZ12gySFY/fz/ulZE333G6bPqIZ4F+TXo9ifiR86nAHpWnfoNjOb3o5ESi7J8Uz1jXHw==}

  prosemirror-tables@1.8.5:
    resolution: {integrity: sha512-V/0cDCsHKHe/tfWkeCmthNUcEp1IVO3p6vwN8XtwE9PZQLAZJigbw3QoraAdfJPir4NKJtNvOB8oYGKRl+t0Dw==}

  prosemirror-trailing-node@3.0.0:
    resolution: {integrity: sha512-xiun5/3q0w5eRnGYfNlW1uU9W6x5MoFKWwq/0TIRgt09lv7Hcser2QYV8t4muXbEr+Fwo0geYn79Xs4GKywrRQ==}
    peerDependencies:
      prosemirror-model: 1.25.4
      prosemirror-state: 1.4.4
      prosemirror-view: 1.41.7

  prosemirror-transform@1.12.0:
    resolution: {integrity: sha512-GxboyN4AMIsoHNtz5uf2r2Ru551i5hWeCMD6E2Ib4Eogqoub0NflniaBPVQ4MrGE5yZ8JV9tUHg9qcZTTrcN4w==}

  prosemirror-view@1.41.7:
    resolution: {integrity: sha512-jUwKNCEIGiqdvhlS91/2QAg21e4dfU5bH2iwmSDQeosXJgKF7smG0YSplOWK0cjSNgIqXe7VXqo7EIfUFJdt3w==}

  punycode.js@2.3.1:
    resolution: {integrity: sha512-uxFIHU0YlHYhDQtV4R9J6a52SLx28BCjT+4ieh7IGbgwVJWO+km431c4yRlREUAsAmt/uMjQUyQHNEPf0M39CA==}
    engines: {node: '>=6'}

  rope-sequence@1.3.4:
    resolution: {integrity: sha512-UT5EDe2cu2E/6O4igUr5PSFs23nvvukicWHx6GnOPlHAiiYbzNuCRQCuiUdHJQcqKalLKlrYJnjY0ySGsXNQXQ==}

  uc.micro@2.1.0:
    resolution: {integrity: sha512-ARDJmphmdvUk6Glw7y9DQ2bFkKBHwQHLi2lsaH6PPmz/Ka9sFOBsBluozhDltWmnv9u/cF6Rt87znRTPV+yp/A==}

  undici-types@8.9.0:
    resolution: {integrity: sha512-KTDyRTYX8sWmKXAikPHHSyc63CRPETMctyjKFupcC6OBLXT3xsN0e9aF7m+mIXutFWpUXuedtowG7iLOzp0kQg==}

  w3c-keyname@2.2.8:
    resolution: {integrity: sha512-dpojBhNsCNN7T82Tm7k26A6G9ML3NkhDsnw9n/eoxSRlVBB4CEtIQ/KTCLI2Fwf3ataSXRhYFkQi3SlnFwPvPQ==}

  whatwg-mimetype@3.0.0:
    resolution: {integrity: sha512-nt+N2dzIutVRxARx1nghPKGv1xHikU7HKdfafKkLNLindmPU/ch3U31NOCGGA/dmPcmb1VlofO0vnKAcsm0o/Q==}
    engines: {node: '>=12'}

  ws@8.21.3:
    resolution: {integrity: sha512-201TZ/kPWxoPr/OKWjquZR1SWKXcvxdH+e1xrx89b3YbmzLMFCLfnaG1HFIgWzJOEWZ7MvpK++odZufgYR50Rw==}
    engines: {node: '>=10.0.0'}
    peerDependencies:
      bufferutil: ^4.0.1
      utf-8-validate: '>=5.0.2'
    peerDependenciesMeta:
      bufferutil:
        optional: true
      utf-8-validate:
        optional: true

  yaml@2.8.3:
    resolution: {integrity: sha512-AvbaCLOO2Otw/lW5bmh9d/WEdcDFdQp2Z2ZUH3pX9U2ihyUY0nvLv7J6TrWowklRGPYbB/IuIMfYgxaCPg5Bpg==}
    engines: {node: '>= 14.6'}
    hasBin: true

snapshots:

  '@remirror/core-constants@3.0.0': {}

  '@tiptap/core@3.21.0(@tiptap/pm@3.21.0)':
    dependencies:
      '@tiptap/pm': 3.21.0

  '@tiptap/extension-blockquote@3.21.0(@tiptap/core@3.21.0(@tiptap/pm@3.21.0))':
    dependencies:
      '@tiptap/core': 3.21.0(@tiptap/pm@3.21.0)

  '@tiptap/extension-bold@3.21.0(@tiptap/core@3.21.0(@tiptap/pm@3.21.0))':
    dependencies:
      '@tiptap/core': 3.21.0(@tiptap/pm@3.21.0)

  '@tiptap/extension-bullet-list@3.21.0(@tiptap/extension-list@3.21.0(@tiptap/core@3.21.0(@tiptap/pm@3.21.0))(@tiptap/pm@3.21.0))':
    dependencies:
      '@tiptap/extension-list': 3.21.0(@tiptap/core@3.21.0(@tiptap/pm@3.21.0))(@tiptap/pm@3.21.0)

  '@tiptap/extension-code-block@3.21.0(@tiptap/core@3.21.0(@tiptap/pm@3.21.0))(@tiptap/pm@3.21.0)':
    dependencies:
      '@tiptap/core': 3.21.0(@tiptap/pm@3.21.0)
      '@tiptap/pm': 3.21.0

  '@tiptap/extension-code@3.21.0(@tiptap/core@3.21.0(@tiptap/pm@3.21.0))':
    dependencies:
      '@tiptap/core': 3.21.0(@tiptap/pm@3.21.0)

  '@tiptap/extension-document@3.21.0(@tiptap/core@3.21.0(@tiptap/pm@3.21.0))':
    dependencies:
      '@tiptap/core': 3.21.0(@tiptap/pm@3.21.0)

  '@tiptap/extension-dropcursor@3.21.0(@tiptap/extensions@3.21.0(@tiptap/core@3.21.0(@tiptap/pm@3.21.0))(@tiptap/pm@3.21.0))':
    dependencies:
      '@tiptap/extensions': 3.21.0(@tiptap/core@3.21.0(@tiptap/pm@3.21.0))(@tiptap/pm@3.21.0)

  '@tiptap/extension-gapcursor@3.21.0(@tiptap/extensions@3.21.0(@tiptap/core@3.21.0(@tiptap/pm@3.21.0))(@tiptap/pm@3.21.0))':
    dependencies:
      '@tiptap/extensions': 3.21.0(@tiptap/core@3.21.0(@tiptap/pm@3.21.0))(@tiptap/pm@3.21.0)

  '@tiptap/extension-hard-break@3.21.0(@tiptap/core@3.21.0(@tiptap/pm@3.21.0))':
    dependencies:
      '@tiptap/core': 3.21.0(@tiptap/pm@3.21.0)

  '@tiptap/extension-heading@3.21.0(@tiptap/core@3.21.0(@tiptap/pm@3.21.0))':
    dependencies:
      '@tiptap/core': 3.21.0(@tiptap/pm@3.21.0)

  '@tiptap/extension-horizontal-rule@3.21.0(@tiptap/core@3.21.0(@tiptap/pm@3.21.0))(@tiptap/pm@3.21.0)':
    dependencies:
      '@tiptap/core': 3.21.0(@tiptap/pm@3.21.0)
      '@tiptap/pm': 3.21.0

  '@tiptap/extension-image@3.21.0(@tiptap/core@3.21.0(@tiptap/pm@3.21.0))':
    dependencies:
      '@tiptap/core': 3.21.0(@tiptap/pm@3.21.0)

  '@tiptap/extension-italic@3.21.0(@tiptap/core@3.21.0(@tiptap/pm@3.21.0))':
    dependencies:
      '@tiptap/core': 3.21.0(@tiptap/pm@3.21.0)

  '@tiptap/extension-link@3.21.0(@tiptap/core@3.21.0(@tiptap/pm@3.21.0))(@tiptap/pm@3.21.0)':
    dependencies:
      '@tiptap/core': 3.21.0(@tiptap/pm@3.21.0)
      '@tiptap/pm': 3.21.0
      linkifyjs: 4.3.2

  '@tiptap/extension-list-item@3.21.0(@tiptap/extension-list@3.21.0(@tiptap/core@3.21.0(@tiptap/pm@3.21.0))(@tiptap/pm@3.21.0))':
    dependencies:
      '@tiptap/extension-list': 3.21.0(@tiptap/core@3.21.0(@tiptap/pm@3.21.0))(@tiptap/pm@3.21.0)

  '@tiptap/extension-list-keymap@3.21.0(@tiptap/extension-list@3.21.0(@tiptap/core@3.21.0(@tiptap/pm@3.21.0))(@tiptap/pm@3.21.0))':
    dependencies:
      '@tiptap/extension-list': 3.21.0(@tiptap/core@3.21.0(@tiptap/pm@3.21.0))(@tiptap/pm@3.21.0)

  '@tiptap/extension-list@3.21.0(@tiptap/core@3.21.0(@tiptap/pm@3.21.0))(@tiptap/pm@3.21.0)':
    dependencies:
      '@tiptap/core': 3.21.0(@tiptap/pm@3.21.0)
      '@tiptap/pm': 3.21.0

  '@tiptap/extension-ordered-list@3.21.0(@tiptap/extension-list@3.21.0(@tiptap/core@3.21.0(@tiptap/pm@3.21.0))(@tiptap/pm@3.21.0))':
    dependencies:
      '@tiptap/extension-list': 3.21.0(@tiptap/core@3.21.0(@tiptap/pm@3.21.0))(@tiptap/pm@3.21.0)

  '@tiptap/extension-paragraph@3.21.0(@tiptap/core@3.21.0(@tiptap/pm@3.21.0))':
    dependencies:
      '@tiptap/core': 3.21.0(@tiptap/pm@3.21.0)

  '@tiptap/extension-strike@3.21.0(@tiptap/core@3.21.0(@tiptap/pm@3.21.0))':
    dependencies:
      '@tiptap/core': 3.21.0(@tiptap/pm@3.21.0)

  '@tiptap/extension-table-cell@3.21.0(@tiptap/extension-table@3.21.0(@tiptap/core@3.21.0(@tiptap/pm@3.21.0))(@tiptap/pm@3.21.0))':
    dependencies:
      '@tiptap/extension-table': 3.21.0(@tiptap/core@3.21.0(@tiptap/pm@3.21.0))(@tiptap/pm@3.21.0)

  '@tiptap/extension-table-header@3.21.0(@tiptap/extension-table@3.21.0(@tiptap/core@3.21.0(@tiptap/pm@3.21.0))(@tiptap/pm@3.21.0))':
    dependencies:
      '@tiptap/extension-table': 3.21.0(@tiptap/core@3.21.0(@tiptap/pm@3.21.0))(@tiptap/pm@3.21.0)

  '@tiptap/extension-table-row@3.21.0(@tiptap/extension-table@3.21.0(@tiptap/core@3.21.0(@tiptap/pm@3.21.0))(@tiptap/pm@3.21.0))':
    dependencies:
      '@tiptap/extension-table': 3.21.0(@tiptap/core@3.21.0(@tiptap/pm@3.21.0))(@tiptap/pm@3.21.0)

  '@tiptap/extension-table@3.21.0(@tiptap/core@3.21.0(@tiptap/pm@3.21.0))(@tiptap/pm@3.21.0)':
    dependencies:
      '@tiptap/core': 3.21.0(@tiptap/pm@3.21.0)
      '@tiptap/pm': 3.21.0

  '@tiptap/extension-text@3.21.0(@tiptap/core@3.21.0(@tiptap/pm@3.21.0))':
    dependencies:
      '@tiptap/core': 3.21.0(@tiptap/pm@3.21.0)

  '@tiptap/extension-underline@3.21.0(@tiptap/core@3.21.0(@tiptap/pm@3.21.0))':
    dependencies:
      '@tiptap/core': 3.21.0(@tiptap/pm@3.21.0)

  '@tiptap/extensions@3.21.0(@tiptap/core@3.21.0(@tiptap/pm@3.21.0))(@tiptap/pm@3.21.0)':
    dependencies:
      '@tiptap/core': 3.21.0(@tiptap/pm@3.21.0)
      '@tiptap/pm': 3.21.0

  '@tiptap/markdown@3.21.0(@tiptap/core@3.21.0(@tiptap/pm@3.21.0))(@tiptap/pm@3.21.0)':
    dependencies:
      '@tiptap/core': 3.21.0(@tiptap/pm@3.21.0)
      '@tiptap/pm': 3.21.0
      marked: 17.0.5

  '@tiptap/pm@3.21.0':
    dependencies:
      prosemirror-changeset: 2.4.0
      prosemirror-collab: 1.3.1
      prosemirror-commands: 1.7.1
      prosemirror-dropcursor: 1.8.2
      prosemirror-gapcursor: 1.4.1
      prosemirror-history: 1.5.0
      prosemirror-inputrules: 1.5.1
      prosemirror-keymap: 1.2.3
      prosemirror-markdown: 1.13.4
      prosemirror-menu: 1.3.0
      prosemirror-model: 1.25.4
      prosemirror-schema-basic: 1.2.4
      prosemirror-schema-list: 1.5.1
      prosemirror-state: 1.4.4
      prosemirror-tables: 1.8.5
      prosemirror-trailing-node: 3.0.0(prosemirror-model@1.25.4)(prosemirror-state@1.4.4)(prosemirror-view@1.41.7)
      prosemirror-transform: 1.12.0
      prosemirror-view: 1.41.7

  '@tiptap/starter-kit@3.21.0':
    dependencies:
      '@tiptap/core': 3.21.0(@tiptap/pm@3.21.0)
      '@tiptap/extension-blockquote': 3.21.0(@tiptap/core@3.21.0(@tiptap/pm@3.21.0))
      '@tiptap/extension-bold': 3.21.0(@tiptap/core@3.21.0(@tiptap/pm@3.21.0))
      '@tiptap/extension-bullet-list': 3.21.0(@tiptap/extension-list@3.21.0(@tiptap/core@3.21.0(@tiptap/pm@3.21.0))(@tiptap/pm@3.21.0))
      '@tiptap/extension-code': 3.21.0(@tiptap/core@3.21.0(@tiptap/pm@3.21.0))
      '@tiptap/extension-code-block': 3.21.0(@tiptap/core@3.21.0(@tiptap/pm@3.21.0))(@tiptap/pm@3.21.0)
      '@tiptap/extension-document': 3.21.0(@tiptap/core@3.21.0(@tiptap/pm@3.21.0))
      '@tiptap/extension-dropcursor': 3.21.0(@tiptap/extensions@3.21.0(@tiptap/core@3.21.0(@tiptap/pm@3.21.0))(@tiptap/pm@3.21.0))
      '@tiptap/extension-gapcursor': 3.21.0(@tiptap/extensions@3.21.0(@tiptap/core@3.21.0(@tiptap/pm@3.21.0))(@tiptap/pm@3.21.0))
      '@tiptap/extension-hard-break': 3.21.0(@tiptap/core@3.21.0(@tiptap/pm@3.21.0))
      '@tiptap/extension-heading': 3.21.0(@tiptap/core@3.21.0(@tiptap/pm@3.21.0))
      '@tiptap/extension-horizontal-rule': 3.21.0(@tiptap/core@3.21.0(@tiptap/pm@3.21.0))(@tiptap/pm@3.21.0)
      '@tiptap/extension-italic': 3.21.0(@tiptap/core@3.21.0(@tiptap/pm@3.21.0))
      '@tiptap/extension-link': 3.21.0(@tiptap/core@3.21.0(@tiptap/pm@3.21.0))(@tiptap/pm@3.21.0)
      '@tiptap/extension-list': 3.21.0(@tiptap/core@3.21.0(@tiptap/pm@3.21.0))(@tiptap/pm@3.21.0)
      '@tiptap/extension-list-item': 3.21.0(@tiptap/extension-list@3.21.0(@tiptap/core@3.21.0(@tiptap/pm@3.21.0))(@tiptap/pm@3.21.0))
      '@tiptap/extension-list-keymap': 3.21.0(@tiptap/extension-list@3.21.0(@tiptap/core@3.21.0(@tiptap/pm@3.21.0))(@tiptap/pm@3.21.0))
      '@tiptap/extension-ordered-list': 3.21.0(@tiptap/extension-list@3.21.0(@tiptap/core@3.21.0(@tiptap/pm@3.21.0))(@tiptap/pm@3.21.0))
      '@tiptap/extension-paragraph': 3.21.0(@tiptap/core@3.21.0(@tiptap/pm@3.21.0))
      '@tiptap/extension-strike': 3.21.0(@tiptap/core@3.21.0(@tiptap/pm@3.21.0))
      '@tiptap/extension-text': 3.21.0(@tiptap/core@3.21.0(@tiptap/pm@3.21.0))
      '@tiptap/extension-underline': 3.21.0(@tiptap/core@3.21.0(@tiptap/pm@3.21.0))
      '@tiptap/extensions': 3.21.0(@tiptap/core@3.21.0(@tiptap/pm@3.21.0))(@tiptap/pm@3.21.0)
      '@tiptap/pm': 3.21.0

  '@types/linkify-it@5.0.0': {}

  '@types/markdown-it@14.2.0':
    dependencies:
      '@types/linkify-it': 5.0.0
      '@types/mdurl': 2.0.0

  '@types/mdurl@2.0.0': {}

  '@types/node@26.6.2':
    dependencies:
      undici-types: 8.9.0

  '@types/whatwg-mimetype@3.0.2': {}

  '@types/ws@8.18.1':
    dependencies:
      '@types/node': 26.6.2

  argparse@2.0.1: {}

  buffer-image-size@0.6.4:
    dependencies:
      '@types/node': 26.6.2

  crelt@1.0.7: {}

  entities@4.5.0: {}

  entities@7.0.1: {}

  escape-string-regexp@4.0.0: {}

  happy-dom@20.14.5:
    dependencies:
      '@types/node': 26.6.2
      '@types/whatwg-mimetype': 3.0.2
      '@types/ws': 8.18.1
      buffer-image-size: 0.6.4
      entities: 7.0.1
      whatwg-mimetype: 3.0.0
      ws: 8.21.3
    transitivePeerDependencies:
      - bufferutil
      - utf-8-validate

  linkify-it@5.0.2:
    dependencies:
      uc.micro: 2.1.0

  linkifyjs@4.3.2: {}

  markdown-it@14.3.2:
    dependencies:
      argparse: 2.0.1
      entities: 4.5.0
      linkify-it: 5.0.2
      mdurl: 2.1.0
      punycode.js: 2.3.1
      uc.micro: 2.1.0

  marked@17.0.5: {}

  mdurl@2.1.0: {}

  orderedmap@2.1.1: {}

  prosemirror-changeset@2.4.0:
    dependencies:
      prosemirror-transform: 1.12.0

  prosemirror-collab@1.3.1:
    dependencies:
      prosemirror-state: 1.4.4

  prosemirror-commands@1.7.1:
    dependencies:
      prosemirror-model: 1.25.4
      prosemirror-state: 1.4.4
      prosemirror-transform: 1.12.0

  prosemirror-dropcursor@1.8.2:
    dependencies:
      prosemirror-state: 1.4.4
      prosemirror-transform: 1.12.0
      prosemirror-view: 1.41.7

  prosemirror-gapcursor@1.4.1:
    dependencies:
      prosemirror-keymap: 1.2.3
      prosemirror-model: 1.25.4
      prosemirror-state: 1.4.4
      prosemirror-view: 1.41.7

  prosemirror-history@1.5.0:
    dependencies:
      prosemirror-state: 1.4.4
      prosemirror-transform: 1.12.0
      prosemirror-view: 1.41.7
      rope-sequence: 1.3.4

  prosemirror-inputrules@1.5.1:
    dependencies:
      prosemirror-state: 1.4.4
      prosemirror-transform: 1.12.0

  prosemirror-keymap@1.2.3:
    dependencies:
      prosemirror-state: 1.4.4
      w3c-keyname: 2.2.8

  prosemirror-markdown@1.13.4:
    dependencies:
      '@types/markdown-it': 14.2.0
      markdown-it: 14.3.2
      prosemirror-model: 1.25.4

  prosemirror-menu@1.3.0:
    dependencies:
      crelt: 1.0.7
      prosemirror-commands: 1.7.1
      prosemirror-history: 1.5.0
      prosemirror-state: 1.4.4

  prosemirror-model@1.25.4:
    dependencies:
      orderedmap: 2.1.1

  prosemirror-schema-basic@1.2.4:
    dependencies:
      prosemirror-model: 1.25.4

  prosemirror-schema-list@1.5.1:
    dependencies:
      prosemirror-model: 1.25.4
      prosemirror-state: 1.4.4
      prosemirror-transform: 1.12.0

  prosemirror-state@1.4.4:
    dependencies:
      prosemirror-model: 1.25.4
      prosemirror-transform: 1.12.0
      prosemirror-view: 1.41.7

  prosemirror-tables@1.8.5:
    dependencies:
      prosemirror-keymap: 1.2.3
      prosemirror-model: 1.25.4
      prosemirror-state: 1.4.4
      prosemirror-transform: 1.12.0
      prosemirror-view: 1.41.7

  prosemirror-trailing-node@3.0.0(prosemirror-model@1.25.4)(prosemirror-state@1.4.4)(prosemirror-view@1.41.7):
    dependencies:
      '@remirror/core-constants': 3.0.0
      escape-string-regexp: 4.0.0
      prosemirror-model: 1.25.4
      prosemirror-state: 1.4.4
      prosemirror-view: 1.41.7

  prosemirror-transform@1.12.0:
    dependencies:
      prosemirror-model: 1.25.4

  prosemirror-view@1.41.7:
    dependencies:
      prosemirror-model: 1.25.4
      prosemirror-state: 1.4.4
      prosemirror-transform: 1.12.0

  punycode.js@2.3.1: {}

  rope-sequence@1.3.4: {}

  uc.micro@2.1.0: {}

  undici-types@8.9.0: {}

  w3c-keyname@2.2.8: {}

  whatwg-mimetype@3.0.0: {}

  ws@8.21.3: {}

  yaml@2.8.3: {}
